<?xml version="1.0" encoding="utf-8"?>
<Project ToolsVersion="4.0" xmlns="http://schemas.microsoft.com/developer/msbuild/2003">
  <ItemGroup>
    <Filter Include="소스 파일">
      <UniqueIdentifier>{4FC737F1-C7A5-4376-A066-2A32D752A2FF}</UniqueIdentifier>
      <Extensions>cpp;c;cc;cxx;def;odl;idl;hpj;bat;asm;asmx</Extensions>
    </Filter>
    <Filter Include="헤더 파일">
      <UniqueIdentifier>{93995380-89BD-4b04-88EB-625FBE52EBFB}</UniqueIdentifier>
      <Extensions>h;hh;hpp;hxx;hm;inl;inc;xsd</Extensions>
    </Filter>
    <Filter Include="리소스 파일">
      <UniqueIdentifier>{67DA6AB6-F800-4c08-8B7A-83BB121AAD01}</UniqueIdentifier>
      <Extensions>rc;ico;cur;bmp;dlg;rc2;rct;bin;rgs;gif;jpg;jpeg;jpe;resx;tiff;tif;png;wav;mfcribbon-ms</Extensions>
    </Filter>
    <Filter Include="API_FrameWork">
      <UniqueIdentifier>{af9d3e10-7569-4ebf-b833-b89db20a7240}</UniqueIdentifier>
    </Filter>
    <Filter Include="API_FrameWork\mainGame">
      <UniqueIdentifier>{b4b708fb-72b3-454c-a259-244bfca34e1c}</UniqueIdentifier>
    </Filter>
    <Filter Include="API_FrameWork\Manager">
      <UniqueIdentifier>{0bc61dac-19ed-4993-90e7-2ed62e06c50d}</UniqueIdentifier>
    </Filter>
    <Filter Include="API_FrameWork\Utility">
      <UniqueIdentifier>{3b26e7ac-65fc-43b1-990e-de2b942ed202}</UniqueIdentifier>
    </Filter>
    <Filter Include="API_FrameWork\SampleScene">
      <UniqueIdentifier>{7cfe811d-9272-4666-a45c-2aafb6d4d6f2}</UniqueIdentifier>
    </Filter>
    <Filter Include="API_FrameWork\SampleScene\01. Alpha Render">
      <UniqueIdentifier>{d6c02950-828f-4fc3-875a-7aa38aa211d8}</UniqueIdentifier>
    </Filter>
    <Filter Include="API_FrameWork\TestProj">
      <UniqueIdentifier>{c568a1a4-724d-487f-895d-700ad6ddd9f4}</UniqueIdentifier>
    </Filter>
    <Filter Include="API_FrameWork\SampleScene\02. Galaga">
      <UniqueIdentifier>{c7458d40-cb0a-4e85-99b6-fee4bd032ed0}</UniqueIdentifier>
    </Filter>
    <Filter Include="API_FrameWork\SampleScene\03. Loop Render">
      <UniqueIdentifier>{1f021daa-11a4-4605-88b1-22540767ecd8}</UniqueIdentifier>
    </Filter>
    <Filter Include="API_FrameWork\SampleScene\04.animation">
      <UniqueIdentifier>{9d5c9356-29b3-47cb-96d8-c4202c920019}</UniqueIdentifier>
    </Filter>
    <Filter Include="API_FrameWork\SampleScene\05.p_Scene">
      <UniqueIdentifier>{82ca550e-4a1a-40ed-9f69-f89d3d553d0b}</UniqueIdentifier>
    </Filter>
    <Filter Include="API_FrameWork\SampleScene\06.bird">
      <UniqueIdentifier>{3f10538f-3210-4bc7-a0d3-e0c303de9daf}</UniqueIdentifier>
    </Filter>
    <Filter Include="API_FrameWork\SampleScene\07.Shop">
      <UniqueIdentifier>{56a9d5b8-c2cb-4f8d-9c51-e4fd4b81b82b}</UniqueIdentifier>
    </Filter>
    <Filter Include="API_FrameWork\SampleScene\popol">
      <UniqueIdentifier>{f13ff5d3-8ab6-4d87-a07b-8912c1d3bdfd}</UniqueIdentifier>
    </Filter>
    <Filter Include="API_FrameWork\Base">
      <UniqueIdentifier>{a9004902-9107-4cb2-9a93-46245fec7366}</UniqueIdentifier>
    </Filter>
    <Filter Include="API_FrameWork\Base\Image">
      <UniqueIdentifier>{d68b7648-74f3-436d-9ea0-453801469d7d}</UniqueIdentifier>
    </Filter>
    <Filter Include="API_FrameWork\Base\ProgressBar">
      <UniqueIdentifier>{96f877d5-48c7-4e4f-9545-b3d51e2d0c91}</UniqueIdentifier>
    </Filter>
    <Filter Include="API_FrameWork\Base\Loading">
      <UniqueIdentifier>{0d816f76-159b-4c07-9565-ebb799374212}</UniqueIdentifier>
    </Filter>
  </ItemGroup>
  <ItemGroup>
    <ClCompile Include="keyManager.cpp">
      <Filter>API_FrameWork\Manager</Filter>
    </ClCompile>
    <ClCompile Include="gameNode.cpp">
      <Filter>API_FrameWork\mainGame</Filter>
    </ClCompile>
    <ClCompile Include="mainGame.cpp">
      <Filter>API_FrameWork\mainGame</Filter>
    </ClCompile>
    <ClCompile Include="main.cpp">
      <Filter>소스 파일</Filter>
    </ClCompile>
    <ClCompile Include="image.cpp">
      <Filter>API_FrameWork\Base\Image</Filter>
    </ClCompile>
    <ClCompile Include="imageManager.cpp">
      <Filter>API_FrameWork\Manager</Filter>
    </ClCompile>
    <ClCompile Include="Scene_alphaRender.cpp">
      <Filter>API_FrameWork\SampleScene\01. Alpha Render</Filter>
    </ClCompile>
    <ClCompile Include="TestProj.cpp">
      <Filter>API_FrameWork\TestProj</Filter>
    </ClCompile>
    <ClCompile Include="Scene_galaga.cpp">
      <Filter>API_FrameWork\SampleScene\02. Galaga</Filter>
    </ClCompile>
    <ClCompile Include="Scene_loopRender.cpp">
      <Filter>API_FrameWork\SampleScene\03. Loop Render</Filter>
    </ClCompile>
    <ClCompile Include="Scene_animation.cpp">
      <Filter>API_FrameWork\SampleScene\04.animation</Filter>
    </ClCompile>
    <ClCompile Include="p_Scene.cpp">
      <Filter>API_FrameWork\SampleScene\05.p_Scene</Filter>
    </ClCompile>
    <ClCompile Include="sceneManager.cpp">
      <Filter>API_FrameWork\Manager</Filter>
    </ClCompile>
    <ClCompile Include="birdScene.cpp">
      <Filter>API_FrameWork\SampleScene\06.bird</Filter>
    </ClCompile>
    <ClCompile Include="flappyBird.cpp">
      <Filter>API_FrameWork\SampleScene\06.bird</Filter>
    </ClCompile>
    <ClCompile Include="Scene_shop.cpp">
      <Filter>API_FrameWork\SampleScene\07.Shop</Filter>
    </ClCompile>
    <ClCompile Include="item.cpp">
      <Filter>API_FrameWork\SampleScene\07.Shop</Filter>
    </ClCompile>
    <ClCompile Include="soundManager.cpp">
      <Filter>API_FrameWork\Manager</Filter>
    </ClCompile>
    <ClCompile Include="cameraManager.cpp">
      <Filter>API_FrameWork\Manager</Filter>
    </ClCompile>
    <ClCompile Include="popolScene.cpp">
      <Filter>API_FrameWork\SampleScene\popol</Filter>
    </ClCompile>
    <ClCompile Include="progressBar.cpp">
      <Filter>API_FrameWork\Base\ProgressBar</Filter>
    </ClCompile>
    <ClCompile Include="loding.cpp">
      <Filter>API_FrameWork\Base\Loading</Filter>
    </ClCompile>
  </ItemGroup>
  <ItemGroup>
    <ClInclude Include="commonMacroFunction.h">
      <Filter>API_FrameWork\Utility</Filter>
    </ClInclude>
    <ClInclude Include="setDefine.h">
      <Filter>API_FrameWork\Utility</Filter>
    </ClInclude>
    <ClInclude Include="singletonBase.h">
      <Filter>API_FrameWork\Manager</Filter>
    </ClInclude>
    <ClInclude Include="keyManager.h">
      <Filter>API_FrameWork\Manager</Filter>
    </ClInclude>
    <ClInclude Include="gameNode.h">
      <Filter>API_FrameWork\mainGame</Filter>
    </ClInclude>
    <ClInclude Include="mainGame.h">
      <Filter>API_FrameWork\mainGame</Filter>
    </ClInclude>
    <ClInclude Include="randomFunction.h">
      <Filter>API_FrameWork\Utility</Filter>
    </ClInclude>
    <ClInclude Include="image.h">
      <Filter>API_FrameWork\Base\Image</Filter>
    </ClInclude>
    <ClInclude Include="imageManager.h">
      <Filter>API_FrameWork\Manager</Filter>
    </ClInclude>
    <ClInclude Include="Scene_alphaRender.h">
      <Filter>API_FrameWork\SampleScene\01. Alpha Render</Filter>
    </ClInclude>
    <ClInclude Include="TestProj.h">
      <Filter>API_FrameWork\TestProj</Filter>
    </ClInclude>
    <ClInclude Include="Scene_galaga.h">
      <Filter>API_FrameWork\SampleScene\02. Galaga</Filter>
    </ClInclude>
    <ClInclude Include="Scene_loopRender.h">
      <Filter>API_FrameWork\SampleScene\03. Loop Render</Filter>
    </ClInclude>
    <ClInclude Include="Scene_animation.h">
      <Filter>API_FrameWork\SampleScene\04.animation</Filter>
    </ClInclude>
    <ClInclude Include="p_Scene.h">
      <Filter>API_FrameWork\SampleScene\05.p_Scene</Filter>
    </ClInclude>
    <ClInclude Include="sceneManager.h">
      <Filter>API_FrameWork\Manager</Filter>
    </ClInclude>
    <ClInclude Include="birdScene.h">
      <Filter>API_FrameWork\SampleScene\06.bird</Filter>
    </ClInclude>
    <ClInclude Include="flappyBird.h">
      <Filter>API_FrameWork\SampleScene\06.bird</Filter>
    </ClInclude>
    <ClInclude Include="Scene_shop.h">
      <Filter>API_FrameWork\SampleScene\07.Shop</Filter>
    </ClInclude>
    <ClInclude Include="item.h">
      <Filter>API_FrameWork\SampleScene\07.Shop</Filter>
    </ClInclude>
    <ClInclude Include="soundManager.h">
      <Filter>API_FrameWork\Manager</Filter>
    </ClInclude>
    <ClInclude Include="cameraManager.h">
      <Filter>API_FrameWork\Manager</Filter>
    </ClInclude>
    <ClInclude Include="popolScene.h">
      <Filter>API_FrameWork\SampleScene\popol</Filter>
    </ClInclude>
    <ClInclude Include="progressBar.h">
      <Filter>API_FrameWork\Base\ProgressBar</Filter>
    </ClInclude>
    <ClInclude Include="loding.h">
      <Filter>API_FrameWork\Base\Loading</Filter>
    </ClInclude>
  </ItemGroup>
</Project>